// !$*UTF8*$!
{
	archiveVersion = 1;
	classes = {
	};
	objectVersion = 77;
	objects = {

/* Begin PBXBuildFile section */
		8A1B2C3D4E5F60718293A013 /* Sparkle in Frameworks */ = {isa = PBXBuildFile; productRef = 8A1B2C3D4E5F60718293A012 /* Sparkle */; };
		8A1B2C3D4E5F60718293A023 /* FluidAudio in Frameworks */ = {isa = PBXBuildFile; productRef = 8A1B2C3D4E5F60718293A022 /* FluidAudio */; };
/* End PBXBuildFile section */

/* Begin PBXFileReference section */
		8A1B2C3D4E5F60718293A003 /* Markup.app */ = {isa = PBXFileReference; explicitFileType = wrapper.application; includeInIndex = 0; path = Markup.app; sourceTree = BUILT_PRODUCTS_DIR; };
/* End PBXFileReference section */

/* Begin PBXFileSystemSynchronizedBuildFileExceptionSet section */
		8A1B2C3D4E5F60718293A006 /* Exceptions for "Sources/Markup" folder in "Markup" target */ = {
			isa = PBXFileSystemSynchronizedBuildFileExceptionSet;
			membershipExceptions = (
				Info.plist,
			);
			target = 8A1B2C3D4E5F60718293A002 /* Markup */;
		};
/* End PBXFileSystemSynchronizedBuildFileExceptionSet section */

/* Begin PBXFileSystemSynchronizedRootGroup section */
		8A1B2C3D4E5F60718293A004 /* Sources/Markup */ = {
			isa = PBXFileSystemSynchronizedRootGroup;
			exceptions = (
				8A1B2C3D4E5F60718293A006 /* Exceptions for "Sources/Markup" folder in "Markup" target */,
			);
			path = Sources/Markup;
			sourceTree = "<group>";
		};
		8A1B2C3D4E5F60718293A005 /* Sources/Markup/Resources */ = {
			isa = PBXFileSystemSynchronizedRootGroup;
			path = Sources/Markup/Resources;
			sourceTree = "<group>";
		};
/* End PBXFileSystemSynchronizedRootGroup section */

/* Begin PBXFrameworksBuildPhase section */
		8A1B2C3D4E5F60718293A00D /* Frameworks */ = {
			isa = PBXFrameworksBuildPhase;
			buildActionMask = 2147483647;
			files = (
				8A1B2C3D4E5F60718293A013 /* Sparkle in Frameworks */,
				8A1B2C3D4E5F60718293A023 /* FluidAudio in Frameworks */,
			);
			runOnlyForDeploymentPostprocessing = 0;
		};
/* End PBXFrameworksBuildPhase section */

/* Begin PBXGroup section */
		8A1B2C3D4E5F60718293A015 = {
			isa = PBXGroup;
			children = (
				8A1B2C3D4E5F60718293A004 /* Sources/Markup */,
				8A1B2C3D4E5F60718293A005 /* Sources/Markup/Resources */,
				8A1B2C3D4E5F60718293A016 /* Products */,
			);
			sourceTree = "<group>";
		};
		8A1B2C3D4E5F60718293A016 /* Products */ = {
			isa = PBXGroup;
			children = (
				8A1B2C3D4E5F60718293A003 /* Markup.app */,
			);
			name = Products;
			sourceTree = "<group>";
		};
/* End PBXGroup section */

/* Begin PBXNativeTarget section */
		8A1B2C3D4E5F60718293A002 /* Markup */ = {
			isa = PBXNativeTarget;
			buildConfigurationList = 8A1B2C3D4E5F60718293A008 /* Build configuration list for PBXNativeTarget "Markup" */;
			buildPhases = (
				8A1B2C3D4E5F60718293A017 /* Warn if Screen Recording signing is ad hoc */,
				8A1B2C3D4E5F60718293A00E /* Sources */,
				8A1B2C3D4E5F60718293A00D /* Frameworks */,
				8A1B2C3D4E5F60718293A00F /* Resources */,
				8A1B2C3D4E5F60718293A018 /* Embed Sparkle.framework */,
			);
			buildRules = (
			);
			dependencies = (
			);
			fileSystemSynchronizedGroups = (
				8A1B2C3D4E5F60718293A004 /* Sources/Markup */,
				8A1B2C3D4E5F60718293A005 /* Sources/Markup/Resources */,
			);
			name = Markup;
			packageProductDependencies = (
				8A1B2C3D4E5F60718293A012 /* Sparkle */,
				8A1B2C3D4E5F60718293A022 /* FluidAudio */,
			);
			productName = Markup;
			productReference = 8A1B2C3D4E5F60718293A003 /* Markup.app */;
			productType = "com.apple.product-type.application";
		};
/* End PBXNativeTarget section */

/* Begin PBXProject section */
		8A1B2C3D4E5F60718293A001 /* Project object */ = {
			isa = PBXProject;
			attributes = {
				BuildIndependentTargetsInParallel = 1;
				LastSwiftUpdateCheck = 2600;
				LastUpgradeCheck = 2600;
			};
			buildConfigurationList = 8A1B2C3D4E5F60718293A007 /* Build configuration list for PBXProject "Markup" */;
			developmentRegion = en;
			hasScannedForEncodings = 0;
			knownRegions = (
				en,
				Base,
			);
			mainGroup = 8A1B2C3D4E5F60718293A015;
			minimizedProjectReferenceProxies = 1;
			packageReferences = (
				8A1B2C3D4E5F60718293A011 /* XCRemoteSwiftPackageReference "Sparkle" */,
				8A1B2C3D4E5F60718293A021 /* XCRemoteSwiftPackageReference "FluidAudio" */,
			);
			preferredProjectObjectVersion = 77;
			productRefGroup = 8A1B2C3D4E5F60718293A016 /* Products */;
			projectDirPath = "";
			projectRoot = "";
			targets = (
				8A1B2C3D4E5F60718293A002 /* Markup */,
			);
		};
/* End PBXProject section */

/* Begin PBXResourcesBuildPhase section */
		8A1B2C3D4E5F60718293A00F /* Resources */ = {
			isa = PBXResourcesBuildPhase;
			buildActionMask = 2147483647;
			files = (
			);
			runOnlyForDeploymentPostprocessing = 0;
		};
/* End PBXResourcesBuildPhase section */

/* Begin PBXShellScriptBuildPhase section */
		8A1B2C3D4E5F60718293A017 /* Warn if Screen Recording signing is ad hoc */ = {
			isa = PBXShellScriptBuildPhase;
			alwaysOutOfDate = 1;
			buildActionMask = 2147483647;
			files = (
			);
			inputFileListPaths = (
			);
			inputPaths = (
			);
			name = "Warn if Screen Recording signing is ad hoc";
			outputFileListPaths = (
			);
			outputPaths = (
			);
			runOnlyForDeploymentPostprocessing = 0;
			shellPath = /bin/sh;
			shellScript = "if [ -z \"${DEVELOPMENT_TEAM:-}\" ]; then\n  echo \"warning: Select a Development Team in the Markup target Signing & Capabilities tab so Screen Recording permission survives rebuilds. Ad-hoc identities change on every Run.\"\nfi\n";
		};
		8A1B2C3D4E5F60718293A018 /* Embed Sparkle.framework */ = {
			isa = PBXShellScriptBuildPhase;
			alwaysOutOfDate = 1;
			buildActionMask = 2147483647;
			files = (
			);
			inputFileListPaths = (
			);
			inputPaths = (
			);
			name = "Embed Sparkle.framework";
			outputFileListPaths = (
			);
			outputPaths = (
			);
			runOnlyForDeploymentPostprocessing = 0;
			shellPath = /bin/bash;
			shellScript = "/bin/bash \"${PROJECT_DIR}/scripts/embed-sparkle.sh\"\n";
		};
/* End PBXShellScriptBuildPhase section */

/* Begin PBXSourcesBuildPhase section */
		8A1B2C3D4E5F60718293A00E /* Sources */ = {
			isa = PBXSourcesBuildPhase;
			buildActionMask = 2147483647;
			files = (
			);
			runOnlyForDeploymentPostprocessing = 0;
		};
/* End PBXSourcesBuildPhase section */

/* Begin XCBuildConfiguration section */
		8A1B2C3D4E5F60718293A009 /* Debug */ = {
			isa = XCBuildConfiguration;
			buildSettings = {
				ALWAYS_SEARCH_USER_PATHS = NO;
				CLANG_ENABLE_MODULES = YES;
				CLANG_ENABLE_OBJC_ARC = YES;
				COPY_PHASE_STRIP = NO;
				DEAD_CODE_STRIPPING = YES;
				DEBUG_INFORMATION_FORMAT = dwarf;
				ENABLE_STRICT_OBJC_MSGSEND = YES;
				ENABLE_TESTABILITY = YES;
				GCC_DYNAMIC_NO_PIC = NO;
				GCC_NO_COMMON_BLOCKS = YES;
				GCC_OPTIMIZATION_LEVEL = 0;
				LOCALIZATION_PREFERS_STRING_CATALOGS = YES;
				MACOSX_DEPLOYMENT_TARGET = 26.0;
				ONLY_ACTIVE_ARCH = YES;
				SDKROOT = macosx;
				SWIFT_ACTIVE_COMPILATION_CONDITIONS = DEBUG;
				SWIFT_OPTIMIZATION_LEVEL = "-Onone";
			};
			name = Debug;
		};
		8A1B2C3D4E5F60718293A00A /* Release */ = {
			isa = XCBuildConfiguration;
			buildSettings = {
				ALWAYS_SEARCH_USER_PATHS = NO;
				CLANG_ENABLE_MODULES = YES;
				CLANG_ENABLE_OBJC_ARC = YES;
				COPY_PHASE_STRIP = NO;
				DEAD_CODE_STRIPPING = YES;
				DEBUG_INFORMATION_FORMAT = "dwarf-with-dsym";
				ENABLE_NS_ASSERTIONS = NO;
				ENABLE_STRICT_OBJC_MSGSEND = YES;
				GCC_NO_COMMON_BLOCKS = YES;
				LOCALIZATION_PREFERS_STRING_CATALOGS = YES;
				MACOSX_DEPLOYMENT_TARGET = 26.0;
				SDKROOT = macosx;
				SWIFT_COMPILATION_MODE = wholemodule;
			};
			name = Release;
		};
		8A1B2C3D4E5F60718293A00B /* Debug */ = {
			isa = XCBuildConfiguration;
			buildSettings = {
				CODE_SIGN_ENTITLEMENTS = Sources/Markup/Markup.entitlements;
				CODE_SIGN_IDENTITY = "Apple Development";
				CODE_SIGN_INJECT_BASE_ENTITLEMENTS = YES;
				CODE_SIGN_STYLE = Automatic;
				COMBINE_HIDPI_IMAGES = YES;
				CURRENT_PROJECT_VERSION = 1;
				DEVELOPMENT_TEAM = R48ND8Q8V9;
				ENABLE_APP_SANDBOX = NO;
				ENABLE_DEBUG_DYLIB = NO;
				ENABLE_HARDENED_RUNTIME = NO;
				ENABLE_USER_SCRIPT_SANDBOXING = NO;
				GENERATE_INFOPLIST_FILE = NO;
				INFOPLIST_FILE = Sources/Markup/Info.plist;
				LD_RUNPATH_SEARCH_PATHS = (
					"$(inherited)",
					"@executable_path/../Frameworks",
				);
				MACOSX_DEPLOYMENT_TARGET = 26.0;
				MARKETING_VERSION = 0.1.0;
				PRODUCT_BUNDLE_IDENTIFIER = dev.rikuwikman.markup;
				PRODUCT_NAME = Markup;
				SWIFT_EMIT_LOC_STRINGS = YES;
				SWIFT_VERSION = 5.9;
			};
			name = Debug;
		};
		8A1B2C3D4E5F60718293A00C /* Release */ = {
			isa = XCBuildConfiguration;
			buildSettings = {
				CODE_SIGN_ENTITLEMENTS = Sources/Markup/Markup.entitlements;
				CODE_SIGN_IDENTITY = "Apple Development";
				CODE_SIGN_INJECT_BASE_ENTITLEMENTS = NO;
				CODE_SIGN_STYLE = Automatic;
				COMBINE_HIDPI_IMAGES = YES;
				CURRENT_PROJECT_VERSION = 1;
				DEVELOPMENT_TEAM = R48ND8Q8V9;
				ENABLE_APP_SANDBOX = NO;
				ENABLE_DEBUG_DYLIB = NO;
				ENABLE_HARDENED_RUNTIME = YES;
				ENABLE_USER_SCRIPT_SANDBOXING = NO;
				GENERATE_INFOPLIST_FILE = NO;
				INFOPLIST_FILE = Sources/Markup/Info.plist;
				LD_RUNPATH_SEARCH_PATHS = (
					"$(inherited)",
					"@executable_path/../Frameworks",
				);
				MACOSX_DEPLOYMENT_TARGET = 26.0;
				MARKETING_VERSION = 0.1.0;
				PRODUCT_BUNDLE_IDENTIFIER = dev.rikuwikman.markup;
				PRODUCT_NAME = Markup;
				SWIFT_EMIT_LOC_STRINGS = YES;
				SWIFT_VERSION = 5.9;
			};
			name = Release;
		};
/* End XCBuildConfiguration section */

/* Begin XCConfigurationList section */
		8A1B2C3D4E5F60718293A007 /* Build configuration list for PBXProject "Markup" */ = {
			isa = XCConfigurationList;
			buildConfigurations = (
				8A1B2C3D4E5F60718293A009 /* Debug */,
				8A1B2C3D4E5F60718293A00A /* Release */,
			);
			defaultConfigurationIsVisible = 0;
			defaultConfigurationName = Release;
		};
		8A1B2C3D4E5F60718293A008 /* Build configuration list for PBXNativeTarget "Markup" */ = {
			isa = XCConfigurationList;
			buildConfigurations = (
				8A1B2C3D4E5F60718293A00B /* Debug */,
				8A1B2C3D4E5F60718293A00C /* Release */,
			);
			defaultConfigurationIsVisible = 0;
			defaultConfigurationName = Release;
		};
/* End XCConfigurationList section */

/* Begin XCRemoteSwiftPackageReference section */
		8A1B2C3D4E5F60718293A011 /* XCRemoteSwiftPackageReference "Sparkle" */ = {
			isa = XCRemoteSwiftPackageReference;
			repositoryURL = "https://github.com/sparkle-project/Sparkle";
			requirement = {
				kind = exactVersion;
				version = 2.9.1;
			};
		};
		8A1B2C3D4E5F60718293A021 /* XCRemoteSwiftPackageReference "FluidAudio" */ = {
			isa = XCRemoteSwiftPackageReference;
			repositoryURL = "https://github.com/FluidInference/FluidAudio.git";
			requirement = {
				kind = upToNextMajorVersion;
				minimumVersion = 0.15.5;
			};
		};
/* End XCRemoteSwiftPackageReference section */

/* Begin XCSwiftPackageProductDependency section */
		8A1B2C3D4E5F60718293A012 /* Sparkle */ = {
			isa = XCSwiftPackageProductDependency;
			package = 8A1B2C3D4E5F60718293A011 /* XCRemoteSwiftPackageReference "Sparkle" */;
			productName = Sparkle;
		};
		8A1B2C3D4E5F60718293A022 /* FluidAudio */ = {
			isa = XCSwiftPackageProductDependency;
			package = 8A1B2C3D4E5F60718293A021 /* XCRemoteSwiftPackageReference "FluidAudio" */;
			productName = FluidAudio;
		};
/* End XCSwiftPackageProductDependency section */
	};
	rootObject = 8A1B2C3D4E5F60718293A001 /* Project object */;
}
